
Microsoft Visual Studio Solution File, Format Version 9.00
# Visual Studio 2005
Project("{FAE04EC0-301F-11D3-BF4B-00C04F79EFBC}") = "SharpLinb", "SharpLinb.csproj", "{FC5D6B9C-F17E-4A96-B142-7E2474E1097B}"
	ProjectSection(WebsiteProperties) = preProject
		Debug.AspNetCompiler.Debug = "True"
		Release.AspNetCompiler.Debug = "False"
	EndProjectSection
EndProject
Global
	GlobalSection(SolutionConfigurationPlatforms) = preSolution
		Debug|Any CPU = Debug|Any CPU
		Release|Any CPU = Release|Any CPU
	EndGlobalSection
	GlobalSection(ProjectConfigurationPlatforms) = postSolution
		{FC5D6B9C-F17E-4A96-B142-7E2474E1097B}.Debug|Any CPU.ActiveCfg = Debug|Any CPU
		{FC5D6B9C-F17E-4A96-B142-7E2474E1097B}.Debug|Any CPU.Build.0 = Debug|Any CPU
		{FC5D6B9C-F17E-4A96-B142-7E2474E1097B}.Release|Any CPU.ActiveCfg = Release|Any CPU
		{FC5D6B9C-F17E-4A96-B142-7E2474E1097B}.Release|Any CPU.Build.0 = Release|Any CPU
	EndGlobalSection
	GlobalSection(SolutionProperties) = preSolution
		HideSolutionNode = FALSE
	EndGlobalSection
EndGlobal
